// !$*UTF8*$!
{
	archiveVersion = 1;
	classes = {
	};
	objectVersion = 77;
	objects = {

/* Begin PBXBuildFile section */
		0AD9498290294A1AEAFCBE24 /* TaskListUITests.swift in Sources */ = {isa = PBXBuildFile; fileRef = EF36D20796F0208BCBBDE02D /* TaskListUITests.swift */; };
		187BA9C21A807F0F44552E76 /* SearchUITests.swift in Sources */ = {isa = PBXBuildFile; fileRef = 1EC2A6CCAF2D55A7BB09638A /* SearchUITests.swift */; };
		1A295C49AEC722421ECB10F3 /* MockUseCases.swift in Sources */ = {isa = PBXBuildFile; fileRef = 46DFECE9B71D50CC8A9FBE96 /* MockUseCases.swift */; };
		24404E109923B91B420E30B5 /* DSGetErrorTests.swift in Sources */ = {isa = PBXBuildFile; fileRef = CD5757522144D3B68BDDB33E /* DSGetErrorTests.swift */; };
		2ABF64136AE273481C32657A /* AppViewModelTests.swift in Sources */ = {isa = PBXBuildFile; fileRef = 2ECF6402AB7DD7A1C30EDD91 /* AppViewModelTests.swift */; };
		2C7327662F18273D0085C219 /* FactoryKit in Frameworks */ = {isa = PBXBuildFile; productRef = 2C7327652F18273D0085C219 /* FactoryKit */; };
		396F6BE9F8DB283D08BCCF79 /* APITests.swift in Sources */ = {isa = PBXBuildFile; fileRef = 6F491F3364613D1E4F97DAED /* APITests.swift */; };
		4B598D8CE5BC96CD477019A7 /* DSGetUITestsLaunchTests.swift in Sources */ = {isa = PBXBuildFile; fileRef = CC24239B326A8E3D7CF9AC60 /* DSGetUITestsLaunchTests.swift */; };
		4BE4FCB22F898164C5782BBF /* TasksViewModelTests.swift in Sources */ = {isa = PBXBuildFile; fileRef = 65002F00A8CA3B7DA3D97F9B /* TasksViewModelTests.swift */; };
		4F27E5B95FE59FFEE6310829 /* RSSFeedTests.swift in Sources */ = {isa = PBXBuildFile; fileRef = DEAAA35CE31AAC9991679F88 /* RSSFeedTests.swift */; };
		740B7A5292547BFAD5F5B9C8 /* AppGroupStorageTests.swift in Sources */ = {isa = PBXBuildFile; fileRef = E567E1485184C1028145969F /* AppGroupStorageTests.swift */; };
		76EBB21B2DADFB267AB6D16E /* Foundation.framework in Frameworks */ = {isa = PBXBuildFile; fileRef = F111BC1A96518A569258CDC4 /* Foundation.framework */; };
		7D0129F0DE51D6A8393730BF /* FeedsUITests.swift in Sources */ = {isa = PBXBuildFile; fileRef = 5BF770DE33C06D3380368844 /* FeedsUITests.swift */; };
		853A5372E4053D3907FF5E25 /* NetworkMonitorTests.swift in Sources */ = {isa = PBXBuildFile; fileRef = 137481481CF842BD11D8B9D7 /* NetworkMonitorTests.swift */; };
		8B09BFA224557C67BF8A08E4 /* DSGetTests.swift in Sources */ = {isa = PBXBuildFile; fileRef = BDF5661F200F92DCAAC8F50C /* DSGetTests.swift */; };
		995A61F83BA72A4AE14DC5B7 /* SettingsUITests.swift in Sources */ = {isa = PBXBuildFile; fileRef = 59285CDC2ED9187D58D84CF3 /* SettingsUITests.swift */; };
		A98F8D80E564EDD7C2E6EF7E /* DSGetUITests.swift in Sources */ = {isa = PBXBuildFile; fileRef = 570CE2D9BFB312D17925EDE8 /* DSGetUITests.swift */; };
		AB637164AFB55DA6C26D9FCF /* SearchViewModelTests.swift in Sources */ = {isa = PBXBuildFile; fileRef = 080AE14C24BE163D2F9DB6E2 /* SearchViewModelTests.swift */; };
		BE7E29116F6BE21E53752EC1 /* LoginUITests.swift in Sources */ = {isa = PBXBuildFile; fileRef = 465AE8674C054BDE354E6761 /* LoginUITests.swift */; };
		C8EAD858B9B52F00FD528F35 /* CacheManagerTests.swift in Sources */ = {isa = PBXBuildFile; fileRef = 989B246430FC077A11A3E82E /* CacheManagerTests.swift */; };
		CB860BCF25B12EB27A3F0558 /* FeedsViewModelTests.swift in Sources */ = {isa = PBXBuildFile; fileRef = ED25550B4804B9F48A3E28C7 /* FeedsViewModelTests.swift */; };
		CF601F1168A4537A62556AAD /* DownloadTaskTests.swift in Sources */ = {isa = PBXBuildFile; fileRef = E3E40565031E5BF9AC336F01 /* DownloadTaskTests.swift */; };
		FA63342B7C62D2EAB91AD5D1 /* Foundation.framework in Frameworks */ = {isa = PBXBuildFile; fileRef = F111BC1A96518A569258CDC4 /* Foundation.framework */; };
/* End PBXBuildFile section */

/* Begin PBXContainerItemProxy section */
		2405F2571BD5AE2EE4000843 /* PBXContainerItemProxy */ = {
			isa = PBXContainerItemProxy;
			containerPortal = 2C58217A2E85A5E200AB9642 /* Project object */;
			proxyType = 1;
			remoteGlobalIDString = 2C5821812E85A5E200AB9642;
			remoteInfo = DSGet;
		};
		A833FB4080EBF59C5C6E7044 /* PBXContainerItemProxy */ = {
			isa = PBXContainerItemProxy;
			containerPortal = 2C58217A2E85A5E200AB9642 /* Project object */;
			proxyType = 1;
			remoteGlobalIDString = 2C5821812E85A5E200AB9642;
			remoteInfo = DSGet;
		};
/* End PBXContainerItemProxy section */

/* Begin PBXCopyFilesBuildPhase section */
		2C31EEE82F16D91000B55639 /* Embed Foundation Extensions */ = {
			isa = PBXCopyFilesBuildPhase;
			buildActionMask = 2147483647;
			dstPath = "";
			dstSubfolderSpec = 13;
			files = (
			);
			name = "Embed Foundation Extensions";
			runOnlyForDeploymentPostprocessing = 0;
		};
/* End PBXCopyFilesBuildPhase section */

/* Begin PBXFileReference section */
		080AE14C24BE163D2F9DB6E2 /* SearchViewModelTests.swift */ = {isa = PBXFileReference; includeInIndex = 1; lastKnownFileType = sourcecode.swift; path = SearchViewModelTests.swift; sourceTree = "<group>"; };
		137481481CF842BD11D8B9D7 /* NetworkMonitorTests.swift */ = {isa = PBXFileReference; includeInIndex = 1; lastKnownFileType = sourcecode.swift; path = NetworkMonitorTests.swift; sourceTree = "<group>"; };
		1954B9A95F1DDC63B3043E45 /* DSGetUITests.xctest */ = {isa = PBXFileReference; explicitFileType = wrapper.cfbundle; includeInIndex = 0; path = DSGetUITests.xctest; sourceTree = BUILT_PRODUCTS_DIR; };
		1EC2A6CCAF2D55A7BB09638A /* SearchUITests.swift */ = {isa = PBXFileReference; includeInIndex = 1; lastKnownFileType = sourcecode.swift; path = SearchUITests.swift; sourceTree = "<group>"; };
		2C31EED32F16D91000B55639 /* WidgetKit.framework */ = {isa = PBXFileReference; lastKnownFileType = wrapper.framework; name = WidgetKit.framework; path = /System/Library/Frameworks/WidgetKit.framework; sourceTree = "<absolute>"; };
		2C31EED52F16D91000B55639 /* SwiftUI.framework */ = {isa = PBXFileReference; lastKnownFileType = wrapper.framework; name = SwiftUI.framework; path = /System/Library/Frameworks/SwiftUI.framework; sourceTree = "<absolute>"; };
		2C5821822E85A5E200AB9642 /* DSGet.app */ = {isa = PBXFileReference; explicitFileType = wrapper.application; includeInIndex = 0; path = DSGet.app; sourceTree = BUILT_PRODUCTS_DIR; };
		2ECF6402AB7DD7A1C30EDD91 /* AppViewModelTests.swift */ = {isa = PBXFileReference; includeInIndex = 1; lastKnownFileType = sourcecode.swift; path = AppViewModelTests.swift; sourceTree = "<group>"; };
		465AE8674C054BDE354E6761 /* LoginUITests.swift */ = {isa = PBXFileReference; includeInIndex = 1; lastKnownFileType = sourcecode.swift; path = LoginUITests.swift; sourceTree = "<group>"; };
		46DFECE9B71D50CC8A9FBE96 /* MockUseCases.swift */ = {isa = PBXFileReference; includeInIndex = 1; lastKnownFileType = sourcecode.swift; path = MockUseCases.swift; sourceTree = "<group>"; };
		53936FA2F4DF26E821F9C919 /* DSGetTests.xctest */ = {isa = PBXFileReference; explicitFileType = wrapper.cfbundle; includeInIndex = 0; path = DSGetTests.xctest; sourceTree = BUILT_PRODUCTS_DIR; };
		570CE2D9BFB312D17925EDE8 /* DSGetUITests.swift */ = {isa = PBXFileReference; includeInIndex = 1; lastKnownFileType = sourcecode.swift; path = DSGetUITests.swift; sourceTree = "<group>"; };
		59285CDC2ED9187D58D84CF3 /* SettingsUITests.swift */ = {isa = PBXFileReference; includeInIndex = 1; lastKnownFileType = sourcecode.swift; path = SettingsUITests.swift; sourceTree = "<group>"; };
		5BF770DE33C06D3380368844 /* FeedsUITests.swift */ = {isa = PBXFileReference; includeInIndex = 1; lastKnownFileType = sourcecode.swift; path = FeedsUITests.swift; sourceTree = "<group>"; };
		64DB645D36F4F848C0824181 /* DSGetTests.xctest */ = {isa = PBXFileReference; explicitFileType = wrapper.cfbundle; includeInIndex = 0; path = DSGetTests.xctest; sourceTree = BUILT_PRODUCTS_DIR; };
		65002F00A8CA3B7DA3D97F9B /* TasksViewModelTests.swift */ = {isa = PBXFileReference; includeInIndex = 1; lastKnownFileType = sourcecode.swift; path = TasksViewModelTests.swift; sourceTree = "<group>"; };
		6F491F3364613D1E4F97DAED /* APITests.swift */ = {isa = PBXFileReference; includeInIndex = 1; lastKnownFileType = sourcecode.swift; path = APITests.swift; sourceTree = "<group>"; };
		72A233C29BA45C6B9E676575 /* DSGetUITests.xctest */ = {isa = PBXFileReference; explicitFileType = wrapper.cfbundle; includeInIndex = 0; path = DSGetUITests.xctest; sourceTree = BUILT_PRODUCTS_DIR; };
		83F9828B82249921416FBBDB /* DSGetTests.xctest */ = {isa = PBXFileReference; explicitFileType = wrapper.cfbundle; includeInIndex = 0; path = DSGetTests.xctest; sourceTree = BUILT_PRODUCTS_DIR; };
		8BF2D032BBE6AFA38EED2459 /* DSGetUITests.xctest */ = {isa = PBXFileReference; explicitFileType = wrapper.cfbundle; includeInIndex = 0; path = DSGetUITests.xctest; sourceTree = BUILT_PRODUCTS_DIR; };
		989B246430FC077A11A3E82E /* CacheManagerTests.swift */ = {isa = PBXFileReference; includeInIndex = 1; lastKnownFileType = sourcecode.swift; path = CacheManagerTests.swift; sourceTree = "<group>"; };
		A63CAEC3A26C0DEEE66E37DB /* DSGetTests.xctest */ = {isa = PBXFileReference; explicitFileType = wrapper.cfbundle; includeInIndex = 0; path = DSGetTests.xctest; sourceTree = BUILT_PRODUCTS_DIR; };
		A9BFF14A36FA14483324915A /* DSGetUITests.xctest */ = {isa = PBXFileReference; explicitFileType = wrapper.cfbundle; includeInIndex = 0; path = DSGetUITests.xctest; sourceTree = BUILT_PRODUCTS_DIR; };
		BDF5661F200F92DCAAC8F50C /* DSGetTests.swift */ = {isa = PBXFileReference; includeInIndex = 1; lastKnownFileType = sourcecode.swift; path = DSGetTests.swift; sourceTree = "<group>"; };
		CC24239B326A8E3D7CF9AC60 /* DSGetUITestsLaunchTests.swift */ = {isa = PBXFileReference; includeInIndex = 1; lastKnownFileType = sourcecode.swift; path = DSGetUITestsLaunchTests.swift; sourceTree = "<group>"; };
		CD5757522144D3B68BDDB33E /* DSGetErrorTests.swift */ = {isa = PBXFileReference; includeInIndex = 1; lastKnownFileType = sourcecode.swift; path = DSGetErrorTests.swift; sourceTree = "<group>"; };
		DEAAA35CE31AAC9991679F88 /* RSSFeedTests.swift */ = {isa = PBXFileReference; includeInIndex = 1; lastKnownFileType = sourcecode.swift; path = RSSFeedTests.swift; sourceTree = "<group>"; };
		E1FFA88B8501FC1B21C530D3 /* DSGetUITests.xctest */ = {isa = PBXFileReference; explicitFileType = wrapper.cfbundle; includeInIndex = 0; path = DSGetUITests.xctest; sourceTree = BUILT_PRODUCTS_DIR; };
		E3E40565031E5BF9AC336F01 /* DownloadTaskTests.swift */ = {isa = PBXFileReference; includeInIndex = 1; lastKnownFileType = sourcecode.swift; path = DownloadTaskTests.swift; sourceTree = "<group>"; };
		E567E1485184C1028145969F /* AppGroupStorageTests.swift */ = {isa = PBXFileReference; includeInIndex = 1; lastKnownFileType = sourcecode.swift; path = AppGroupStorageTests.swift; sourceTree = "<group>"; };
		ED25550B4804B9F48A3E28C7 /* FeedsViewModelTests.swift */ = {isa = PBXFileReference; includeInIndex = 1; lastKnownFileType = sourcecode.swift; path = FeedsViewModelTests.swift; sourceTree = "<group>"; };
		EF36D20796F0208BCBBDE02D /* TaskListUITests.swift */ = {isa = PBXFileReference; includeInIndex = 1; lastKnownFileType = sourcecode.swift; path = TaskListUITests.swift; sourceTree = "<group>"; };
		F111BC1A96518A569258CDC4 /* Foundation.framework */ = {isa = PBXFileReference; lastKnownFileType = wrapper.framework; name = Foundation.framework; path = Platforms/iPhoneOS.platform/Developer/SDKs/iPhoneOS18.0.sdk/System/Library/Frameworks/Foundation.framework; sourceTree = DEVELOPER_DIR; };
		F17656EEC55B21E8D5749692 /* DSGetTests.xctest */ = {isa = PBXFileReference; explicitFileType = wrapper.cfbundle; includeInIndex = 0; path = DSGetTests.xctest; sourceTree = BUILT_PRODUCTS_DIR; };
		F67385F2A22D319E18FC0454 /* DSGetUITests.xctest */ = {isa = PBXFileReference; explicitFileType = wrapper.cfbundle; includeInIndex = 0; path = DSGetUITests.xctest; sourceTree = BUILT_PRODUCTS_DIR; };
		FE8825B982E07FE9363DCA97 /* DSGetTests.xctest */ = {isa = PBXFileReference; explicitFileType = wrapper.cfbundle; includeInIndex = 0; path = DSGetTests.xctest; sourceTree = BUILT_PRODUCTS_DIR; };
/* End PBXFileReference section */

/* Begin PBXFileSystemSynchronizedBuildFileExceptionSet section */
		2C9464DC2E8828AD00DADDB5 /* Exceptions for "DSGet" folder in "DSGet" target */ = {
			isa = PBXFileSystemSynchronizedBuildFileExceptionSet;
			membershipExceptions = (
				Info.plist,
			);
			target = 2C5821812E85A5E200AB9642 /* DSGet */;
		};
/* End PBXFileSystemSynchronizedBuildFileExceptionSet section */

/* Begin PBXFileSystemSynchronizedRootGroup section */
		2C5821842E85A5E200AB9642 /* DSGet */ = {
			isa = PBXFileSystemSynchronizedRootGroup;
			exceptions = (
				2C9464DC2E8828AD00DADDB5 /* Exceptions for "DSGet" folder in "DSGet" target */,
			);
			path = DSGet;
			sourceTree = "<group>";
		};
/* End PBXFileSystemSynchronizedRootGroup section */

/* Begin PBXFrameworksBuildPhase section */
		2C58217F2E85A5E200AB9642 /* Frameworks */ = {
			isa = PBXFrameworksBuildPhase;
			buildActionMask = 2147483647;
			files = (
				2C7327662F18273D0085C219 /* FactoryKit in Frameworks */,
			);
			runOnlyForDeploymentPostprocessing = 0;
		};
		47DC127AA7248D94585E28EC /* Frameworks */ = {
			isa = PBXFrameworksBuildPhase;
			buildActionMask = 2147483647;
			files = (
				76EBB21B2DADFB267AB6D16E /* Foundation.framework in Frameworks */,
			);
			runOnlyForDeploymentPostprocessing = 0;
		};
		B30BB1924B4C583505E9087C /* Frameworks */ = {
			isa = PBXFrameworksBuildPhase;
			buildActionMask = 2147483647;
			files = (
				FA63342B7C62D2EAB91AD5D1 /* Foundation.framework in Frameworks */,
			);
			runOnlyForDeploymentPostprocessing = 0;
		};
/* End PBXFrameworksBuildPhase section */

/* Begin PBXGroup section */
		116628ED2CF115516204DE29 /* ViewModels/Mocks */ = {
			isa = PBXGroup;
			children = (
				46DFECE9B71D50CC8A9FBE96 /* MockUseCases.swift */,
			);
			path = ViewModels/Mocks;
			sourceTree = "<group>";
		};
		160B048AB25424E65FD16DC0 /* API */ = {
			isa = PBXGroup;
			children = (
				6F491F3364613D1E4F97DAED /* APITests.swift */,
			);
			path = API;
			sourceTree = "<group>";
		};
		2C31EED22F16D91000B55639 /* Frameworks */ = {
			isa = PBXGroup;
			children = (
				2C31EED32F16D91000B55639 /* WidgetKit.framework */,
				2C31EED52F16D91000B55639 /* SwiftUI.framework */,
				54553A44E4AB7C310337D517 /* iOS */,
			);
			name = Frameworks;
			sourceTree = "<group>";
		};
		2C5821792E85A5E200AB9642 = {
			isa = PBXGroup;
			children = (
				2C5821842E85A5E200AB9642 /* DSGet */,
				2C31EED22F16D91000B55639 /* Frameworks */,
				2C5821832E85A5E200AB9642 /* Products */,
				96FEB044A80751D3C8B92380 /* DSGetTests */,
				54C0ADFC5965603D697FC06D /* DSGetUITests */,
			);
			sourceTree = "<group>";
		};
		2C5821832E85A5E200AB9642 /* Products */ = {
			isa = PBXGroup;
			children = (
				2C5821822E85A5E200AB9642 /* DSGet.app */,
				53936FA2F4DF26E821F9C919 /* DSGetTests.xctest */,
				72A233C29BA45C6B9E676575 /* DSGetUITests.xctest */,
				F17656EEC55B21E8D5749692 /* DSGetTests.xctest */,
				8BF2D032BBE6AFA38EED2459 /* DSGetUITests.xctest */,
				64DB645D36F4F848C0824181 /* DSGetTests.xctest */,
				A9BFF14A36FA14483324915A /* DSGetUITests.xctest */,
				A63CAEC3A26C0DEEE66E37DB /* DSGetTests.xctest */,
				F67385F2A22D319E18FC0454 /* DSGetUITests.xctest */,
				FE8825B982E07FE9363DCA97 /* DSGetTests.xctest */,
				1954B9A95F1DDC63B3043E45 /* DSGetUITests.xctest */,
				83F9828B82249921416FBBDB /* DSGetTests.xctest */,
				E1FFA88B8501FC1B21C530D3 /* DSGetUITests.xctest */,
			);
			name = Products;
			sourceTree = "<group>";
		};
		54553A44E4AB7C310337D517 /* iOS */ = {
			isa = PBXGroup;
			children = (
				F111BC1A96518A569258CDC4 /* Foundation.framework */,
			);
			name = iOS;
			sourceTree = "<group>";
		};
		54C0ADFC5965603D697FC06D /* DSGetUITests */ = {
			isa = PBXGroup;
			children = (
				570CE2D9BFB312D17925EDE8 /* DSGetUITests.swift */,
				CC24239B326A8E3D7CF9AC60 /* DSGetUITestsLaunchTests.swift */,
				5BF770DE33C06D3380368844 /* FeedsUITests.swift */,
				465AE8674C054BDE354E6761 /* LoginUITests.swift */,
				1EC2A6CCAF2D55A7BB09638A /* SearchUITests.swift */,
				59285CDC2ED9187D58D84CF3 /* SettingsUITests.swift */,
				EF36D20796F0208BCBBDE02D /* TaskListUITests.swift */,
			);
			path = DSGetUITests;
			sourceTree = "<group>";
		};
		810CF1B520B334FF7C90ABD3 /* Error */ = {
			isa = PBXGroup;
			children = (
				CD5757522144D3B68BDDB33E /* DSGetErrorTests.swift */,
			);
			path = Error;
			sourceTree = "<group>";
		};
		96FEB044A80751D3C8B92380 /* DSGetTests */ = {
			isa = PBXGroup;
			children = (
				BDF5661F200F92DCAAC8F50C /* DSGetTests.swift */,
				E52AE514C64309E7D796FFF5 /* Models */,
				DD8E83A4D2B34C153D6D85A6 /* Services */,
				116628ED2CF115516204DE29 /* ViewModels/Mocks */,
				A43ACBD2A97B8BE5BC54A38A /* ViewModels */,
				160B048AB25424E65FD16DC0 /* API */,
				810CF1B520B334FF7C90ABD3 /* Error */,
			);
			path = DSGetTests;
			sourceTree = "<group>";
		};
		A43ACBD2A97B8BE5BC54A38A /* ViewModels */ = {
			isa = PBXGroup;
			children = (
				ED25550B4804B9F48A3E28C7 /* FeedsViewModelTests.swift */,
				65002F00A8CA3B7DA3D97F9B /* TasksViewModelTests.swift */,
				080AE14C24BE163D2F9DB6E2 /* SearchViewModelTests.swift */,
				2ECF6402AB7DD7A1C30EDD91 /* AppViewModelTests.swift */,
			);
			path = ViewModels;
			sourceTree = "<group>";
		};
		DD8E83A4D2B34C153D6D85A6 /* Services */ = {
			isa = PBXGroup;
			children = (
				E567E1485184C1028145969F /* AppGroupStorageTests.swift */,
				989B246430FC077A11A3E82E /* CacheManagerTests.swift */,
				137481481CF842BD11D8B9D7 /* NetworkMonitorTests.swift */,
			);
			path = Services;
			sourceTree = "<group>";
		};
		E52AE514C64309E7D796FFF5 /* Models */ = {
			isa = PBXGroup;
			children = (
				E3E40565031E5BF9AC336F01 /* DownloadTaskTests.swift */,
				DEAAA35CE31AAC9991679F88 /* RSSFeedTests.swift */,
			);
			path = Models;
			sourceTree = "<group>";
		};
/* End PBXGroup section */

/* Begin PBXNativeTarget section */
		2C5821812E85A5E200AB9642 /* DSGet */ = {
			isa = PBXNativeTarget;
			buildConfigurationList = 2C58218D2E85A5E300AB9642 /* Build configuration list for PBXNativeTarget "DSGet" */;
			buildPhases = (
				2C58217E2E85A5E200AB9642 /* Sources */,
				2C58217F2E85A5E200AB9642 /* Frameworks */,
				2C5821802E85A5E200AB9642 /* Resources */,
				2C31EEE82F16D91000B55639 /* Embed Foundation Extensions */,
			);
			buildRules = (
			);
			dependencies = (
			);
			fileSystemSynchronizedGroups = (
				2C5821842E85A5E200AB9642 /* DSGet */,
			);
			name = DSGet;
			productName = DSGet;
			productReference = 2C5821822E85A5E200AB9642 /* DSGet.app */;
			productType = "com.apple.product-type.application";
		};
		3481D978D477D0B6D4A7F750 /* DSGetTests */ = {
			isa = PBXNativeTarget;
			buildConfigurationList = 706F37BF602FF8B92BAF38C6 /* Build configuration list for PBXNativeTarget "DSGetTests" */;
			buildPhases = (
				8ABC1BB15E0877A7A9DC43CC /* Sources */,
				B30BB1924B4C583505E9087C /* Frameworks */,
				18B1848EDCA81F25BB65723F /* Resources */,
			);
			buildRules = (
			);
			dependencies = (
				EF99397639D98F27BF252FE4 /* PBXTargetDependency */,
			);
			name = DSGetTests;
			productName = DSGetTests;
			productReference = 83F9828B82249921416FBBDB /* DSGetTests.xctest */;
			productType = "com.apple.product-type.bundle.unit-test";
		};
		98A49B4F3347BCF038FF6069 /* DSGetUITests */ = {
			isa = PBXNativeTarget;
			buildConfigurationList = 85109C9EAC64A950079CA725 /* Build configuration list for PBXNativeTarget "DSGetUITests" */;
			buildPhases = (
				EC8BFB61412C9C8AC274D8ED /* Sources */,
				47DC127AA7248D94585E28EC /* Frameworks */,
				CCED77CBA2A85B48279B46FA /* Resources */,
			);
			buildRules = (
			);
			dependencies = (
				092257CD8DB74EF85021F83C /* PBXTargetDependency */,
			);
			name = DSGetUITests;
			productName = DSGetUITests;
			productReference = E1FFA88B8501FC1B21C530D3 /* DSGetUITests.xctest */;
			productType = "com.apple.product-type.bundle.ui-testing";
		};
/* End PBXNativeTarget section */

/* Begin PBXProject section */
		2C58217A2E85A5E200AB9642 /* Project object */ = {
			isa = PBXProject;
			attributes = {
				BuildIndependentTargetsInParallel = 1;
				LastSwiftUpdateCheck = 2620;
				LastUpgradeCheck = 2600;
				TargetAttributes = {
					2C5821812E85A5E200AB9642 = {
						CreatedOnToolsVersion = 26.0.1;
					};
				};
			};
			buildConfigurationList = 2C58217D2E85A5E200AB9642 /* Build configuration list for PBXProject "DSGet" */;
			developmentRegion = en;
			hasScannedForEncodings = 0;
			knownRegions = (
				en,
				Base,
			);
			mainGroup = 2C5821792E85A5E200AB9642;
			minimizedProjectReferenceProxies = 1;
			packageReferences = (
				2C7327642F18273D0085C219 /* XCRemoteSwiftPackageReference "Factory" */,
			);
			preferredProjectObjectVersion = 77;
			productRefGroup = 2C5821832E85A5E200AB9642 /* Products */;
			projectDirPath = "";
			projectRoot = "";
			targets = (
				2C5821812E85A5E200AB9642 /* DSGet */,
				3481D978D477D0B6D4A7F750 /* DSGetTests */,
				98A49B4F3347BCF038FF6069 /* DSGetUITests */,
			);
		};
/* End PBXProject section */

/* Begin PBXResourcesBuildPhase section */
		18B1848EDCA81F25BB65723F /* Resources */ = {
			isa = PBXResourcesBuildPhase;
			buildActionMask = 2147483647;
			files = (
			);
			runOnlyForDeploymentPostprocessing = 0;
		};
		2C5821802E85A5E200AB9642 /* Resources */ = {
			isa = PBXResourcesBuildPhase;
			buildActionMask = 2147483647;
			files = (
			);
			runOnlyForDeploymentPostprocessing = 0;
		};
		CCED77CBA2A85B48279B46FA /* Resources */ = {
			isa = PBXResourcesBuildPhase;
			buildActionMask = 2147483647;
			files = (
			);
			runOnlyForDeploymentPostprocessing = 0;
		};
/* End PBXResourcesBuildPhase section */

/* Begin PBXSourcesBuildPhase section */
		2C58217E2E85A5E200AB9642 /* Sources */ = {
			isa = PBXSourcesBuildPhase;
			buildActionMask = 2147483647;
			files = (
			);
			runOnlyForDeploymentPostprocessing = 0;
		};
		8ABC1BB15E0877A7A9DC43CC /* Sources */ = {
			isa = PBXSourcesBuildPhase;
			buildActionMask = 2147483647;
			files = (
				8B09BFA224557C67BF8A08E4 /* DSGetTests.swift in Sources */,
				CF601F1168A4537A62556AAD /* DownloadTaskTests.swift in Sources */,
				4F27E5B95FE59FFEE6310829 /* RSSFeedTests.swift in Sources */,
				740B7A5292547BFAD5F5B9C8 /* AppGroupStorageTests.swift in Sources */,
				C8EAD858B9B52F00FD528F35 /* CacheManagerTests.swift in Sources */,
				853A5372E4053D3907FF5E25 /* NetworkMonitorTests.swift in Sources */,
				1A295C49AEC722421ECB10F3 /* MockUseCases.swift in Sources */,
				CB860BCF25B12EB27A3F0558 /* FeedsViewModelTests.swift in Sources */,
				4BE4FCB22F898164C5782BBF /* TasksViewModelTests.swift in Sources */,
				AB637164AFB55DA6C26D9FCF /* SearchViewModelTests.swift in Sources */,
				2ABF64136AE273481C32657A /* AppViewModelTests.swift in Sources */,
				396F6BE9F8DB283D08BCCF79 /* APITests.swift in Sources */,
				24404E109923B91B420E30B5 /* DSGetErrorTests.swift in Sources */,
			);
			runOnlyForDeploymentPostprocessing = 0;
		};
		EC8BFB61412C9C8AC274D8ED /* Sources */ = {
			isa = PBXSourcesBuildPhase;
			buildActionMask = 2147483647;
			files = (
				A98F8D80E564EDD7C2E6EF7E /* DSGetUITests.swift in Sources */,
				4B598D8CE5BC96CD477019A7 /* DSGetUITestsLaunchTests.swift in Sources */,
				7D0129F0DE51D6A8393730BF /* FeedsUITests.swift in Sources */,
				BE7E29116F6BE21E53752EC1 /* LoginUITests.swift in Sources */,
				187BA9C21A807F0F44552E76 /* SearchUITests.swift in Sources */,
				995A61F83BA72A4AE14DC5B7 /* SettingsUITests.swift in Sources */,
				0AD9498290294A1AEAFCBE24 /* TaskListUITests.swift in Sources */,
			);
			runOnlyForDeploymentPostprocessing = 0;
		};
/* End PBXSourcesBuildPhase section */

/* Begin PBXTargetDependency section */
		092257CD8DB74EF85021F83C /* PBXTargetDependency */ = {
			isa = PBXTargetDependency;
			name = DSGet;
			target = 2C5821812E85A5E200AB9642 /* DSGet */;
			targetProxy = 2405F2571BD5AE2EE4000843 /* PBXContainerItemProxy */;
		};
		EF99397639D98F27BF252FE4 /* PBXTargetDependency */ = {
			isa = PBXTargetDependency;
			name = DSGet;
			target = 2C5821812E85A5E200AB9642 /* DSGet */;
			targetProxy = A833FB4080EBF59C5C6E7044 /* PBXContainerItemProxy */;
		};
/* End PBXTargetDependency section */

/* Begin XCBuildConfiguration section */
		2C58218B2E85A5E300AB9642 /* Debug */ = {
			isa = XCBuildConfiguration;
			buildSettings = {
				ALWAYS_SEARCH_USER_PATHS = NO;
				ASSETCATALOG_COMPILER_GENERATE_SWIFT_ASSET_SYMBOL_EXTENSIONS = YES;
				CLANG_ANALYZER_NONNULL = YES;
				CLANG_ANALYZER_NUMBER_OBJECT_CONVERSION = YES_AGGRESSIVE;
				CLANG_CXX_LANGUAGE_STANDARD = "gnu++20";
				CLANG_ENABLE_MODULES = YES;
				CLANG_ENABLE_OBJC_ARC = YES;
				CLANG_ENABLE_OBJC_WEAK = YES;
				CLANG_WARN_BLOCK_CAPTURE_AUTORELEASING = YES;
				CLANG_WARN_BOOL_CONVERSION = YES;
				CLANG_WARN_COMMA = YES;
				CLANG_WARN_CONSTANT_CONVERSION = YES;
				CLANG_WARN_DEPRECATED_OBJC_IMPLEMENTATIONS = YES;
				CLANG_WARN_DIRECT_OBJC_ISA_USAGE = YES_ERROR;
				CLANG_WARN_DOCUMENTATION_COMMENTS = YES;
				CLANG_WARN_EMPTY_BODY = YES;
				CLANG_WARN_ENUM_CONVERSION = YES;
				CLANG_WARN_INFINITE_RECURSION = YES;
				CLANG_WARN_INT_CONVERSION = YES;
				CLANG_WARN_NON_LITERAL_NULL_CONVERSION = YES;
				CLANG_WARN_OBJC_IMPLICIT_RETAIN_SELF = YES;
				CLANG_WARN_OBJC_LITERAL_CONVERSION = YES;
				CLANG_WARN_OBJC_ROOT_CLASS = YES_ERROR;
				CLANG_WARN_QUOTED_INCLUDE_IN_FRAMEWORK_HEADER = YES;
				CLANG_WARN_RANGE_LOOP_ANALYSIS = YES;
				CLANG_WARN_STRICT_PROTOTYPES = YES;
				CLANG_WARN_SUSPICIOUS_MOVE = YES;
				CLANG_WARN_UNGUARDED_AVAILABILITY = YES_AGGRESSIVE;
				CLANG_WARN_UNREACHABLE_CODE = YES;
				CLANG_WARN__DUPLICATE_METHOD_MATCH = YES;
				COPY_PHASE_STRIP = NO;
				DEBUG_INFORMATION_FORMAT = dwarf;
				DEVELOPMENT_TEAM = V6HSSZ7WYZ;
				ENABLE_STRICT_OBJC_MSGSEND = YES;
				ENABLE_TESTABILITY = YES;
				ENABLE_USER_SCRIPT_SANDBOXING = YES;
				GCC_C_LANGUAGE_STANDARD = gnu17;
				GCC_DYNAMIC_NO_PIC = NO;
				GCC_NO_COMMON_BLOCKS = YES;
				GCC_OPTIMIZATION_LEVEL = 0;
				GCC_PREPROCESSOR_DEFINITIONS = (
					"DEBUG=1",
					"$(inherited)",
				);
				GCC_WARN_64_TO_32_BIT_CONVERSION = YES;
				GCC_WARN_ABOUT_RETURN_TYPE = YES_ERROR;
				GCC_WARN_UNDECLARED_SELECTOR = YES;
				GCC_WARN_UNINITIALIZED_AUTOS = YES_AGGRESSIVE;
				GCC_WARN_UNUSED_FUNCTION = YES;
				GCC_WARN_UNUSED_VARIABLE = YES;
				LOCALIZATION_PREFERS_STRING_CATALOGS = YES;
				MTL_ENABLE_DEBUG_INFO = INCLUDE_SOURCE;
				MTL_FAST_MATH = YES;
				ONLY_ACTIVE_ARCH = YES;
				SWIFT_ACTIVE_COMPILATION_CONDITIONS = "DEBUG $(inherited)";
				SWIFT_OPTIMIZATION_LEVEL = "-Onone";
			};
			name = Debug;
		};
		2C58218C2E85A5E300AB9642 /* Release */ = {
			isa = XCBuildConfiguration;
			buildSettings = {
				ALWAYS_SEARCH_USER_PATHS = NO;
				ASSETCATALOG_COMPILER_GENERATE_SWIFT_ASSET_SYMBOL_EXTENSIONS = YES;
				CLANG_ANALYZER_NONNULL = YES;
				CLANG_ANALYZER_NUMBER_OBJECT_CONVERSION = YES_AGGRESSIVE;
				CLANG_CXX_LANGUAGE_STANDARD = "gnu++20";
				CLANG_ENABLE_MODULES = YES;
				CLANG_ENABLE_OBJC_ARC = YES;
				CLANG_ENABLE_OBJC_WEAK = YES;
				CLANG_WARN_BLOCK_CAPTURE_AUTORELEASING = YES;
				CLANG_WARN_BOOL_CONVERSION = YES;
				CLANG_WARN_COMMA = YES;
				CLANG_WARN_CONSTANT_CONVERSION = YES;
				CLANG_WARN_DEPRECATED_OBJC_IMPLEMENTATIONS = YES;
				CLANG_WARN_DIRECT_OBJC_ISA_USAGE = YES_ERROR;
				CLANG_WARN_DOCUMENTATION_COMMENTS = YES;
				CLANG_WARN_EMPTY_BODY = YES;
				CLANG_WARN_ENUM_CONVERSION = YES;
				CLANG_WARN_INFINITE_RECURSION = YES;
				CLANG_WARN_INT_CONVERSION = YES;
				CLANG_WARN_NON_LITERAL_NULL_CONVERSION = YES;
				CLANG_WARN_OBJC_IMPLICIT_RETAIN_SELF = YES;
				CLANG_WARN_OBJC_LITERAL_CONVERSION = YES;
				CLANG_WARN_OBJC_ROOT_CLASS = YES_ERROR;
				CLANG_WARN_QUOTED_INCLUDE_IN_FRAMEWORK_HEADER = YES;
				CLANG_WARN_RANGE_LOOP_ANALYSIS = YES;
				CLANG_WARN_STRICT_PROTOTYPES = YES;
				CLANG_WARN_SUSPICIOUS_MOVE = YES;
				CLANG_WARN_UNGUARDED_AVAILABILITY = YES_AGGRESSIVE;
				CLANG_WARN_UNREACHABLE_CODE = YES;
				CLANG_WARN__DUPLICATE_METHOD_MATCH = YES;
				COPY_PHASE_STRIP = NO;
				DEBUG_INFORMATION_FORMAT = "dwarf-with-dsym";
				DEVELOPMENT_TEAM = V6HSSZ7WYZ;
				ENABLE_NS_ASSERTIONS = NO;
				ENABLE_STRICT_OBJC_MSGSEND = YES;
				ENABLE_USER_SCRIPT_SANDBOXING = YES;
				GCC_C_LANGUAGE_STANDARD = gnu17;
				GCC_NO_COMMON_BLOCKS = YES;
				GCC_WARN_64_TO_32_BIT_CONVERSION = YES;
				GCC_WARN_ABOUT_RETURN_TYPE = YES_ERROR;
				GCC_WARN_UNDECLARED_SELECTOR = YES;
				GCC_WARN_UNINITIALIZED_AUTOS = YES_AGGRESSIVE;
				GCC_WARN_UNUSED_FUNCTION = YES;
				GCC_WARN_UNUSED_VARIABLE = YES;
				LOCALIZATION_PREFERS_STRING_CATALOGS = YES;
				MTL_ENABLE_DEBUG_INFO = NO;
				MTL_FAST_MATH = YES;
				SWIFT_COMPILATION_MODE = wholemodule;
			};
			name = Release;
		};
		2C58218E2E85A5E300AB9642 /* Debug */ = {
			isa = XCBuildConfiguration;
			buildSettings = {
				ASSETCATALOG_COMPILER_APPICON_NAME = AppIcon;
				ASSETCATALOG_COMPILER_GLOBAL_ACCENT_COLOR_NAME = AccentColor;
				CODE_SIGN_ENTITLEMENTS = DSGet/DSGet.entitlements;
				CODE_SIGN_STYLE = Automatic;
				CURRENT_PROJECT_VERSION = 1;
				DEVELOPMENT_TEAM = V6HSSZ7WYZ;
				ENABLE_APP_SANDBOX = YES;
				ENABLE_HARDENED_RUNTIME = YES;
				ENABLE_INCOMING_NETWORK_CONNECTIONS = NO;
				ENABLE_OUTGOING_NETWORK_CONNECTIONS = YES;
				ENABLE_PREVIEWS = YES;
				ENABLE_RESOURCE_ACCESS_AUDIO_INPUT = NO;
				ENABLE_RESOURCE_ACCESS_BLUETOOTH = NO;
				ENABLE_RESOURCE_ACCESS_CALENDARS = NO;
				ENABLE_RESOURCE_ACCESS_CAMERA = NO;
				ENABLE_RESOURCE_ACCESS_CONTACTS = NO;
				ENABLE_RESOURCE_ACCESS_LOCATION = NO;
				ENABLE_RESOURCE_ACCESS_PRINTING = NO;
				ENABLE_RESOURCE_ACCESS_USB = NO;
				ENABLE_USER_SELECTED_FILES = readonly;
				GENERATE_INFOPLIST_FILE = YES;
				INFOPLIST_FILE = DSGet/Info.plist;
				"INFOPLIST_KEY_UIApplicationSceneManifest_Generation[sdk=iphoneos*]" = YES;
				"INFOPLIST_KEY_UIApplicationSceneManifest_Generation[sdk=iphonesimulator*]" = YES;
				"INFOPLIST_KEY_UIApplicationSupportsIndirectInputEvents[sdk=iphoneos*]" = YES;
				"INFOPLIST_KEY_UIApplicationSupportsIndirectInputEvents[sdk=iphonesimulator*]" = YES;
				"INFOPLIST_KEY_UILaunchScreen_Generation[sdk=iphoneos*]" = YES;
				"INFOPLIST_KEY_UILaunchScreen_Generation[sdk=iphonesimulator*]" = YES;
				"INFOPLIST_KEY_UIStatusBarStyle[sdk=iphoneos*]" = UIStatusBarStyleDefault;
				"INFOPLIST_KEY_UIStatusBarStyle[sdk=iphonesimulator*]" = UIStatusBarStyleDefault;
				INFOPLIST_KEY_UISupportedInterfaceOrientations_iPad = "UIInterfaceOrientationPortrait UIInterfaceOrientationPortraitUpsideDown UIInterfaceOrientationLandscapeLeft UIInterfaceOrientationLandscapeRight";
				INFOPLIST_KEY_UISupportedInterfaceOrientations_iPhone = "UIInterfaceOrientationPortrait UIInterfaceOrientationLandscapeLeft UIInterfaceOrientationLandscapeRight";
				IPHONEOS_DEPLOYMENT_TARGET = 18.0;
				LD_RUNPATH_SEARCH_PATHS = "@executable_path/Frameworks";
				MARKETING_VERSION = 1.0;
				PRODUCT_BUNDLE_IDENTIFIER = com.ivanmz.DSGet;
				PRODUCT_NAME = "$(TARGET_NAME)";
				REGISTER_APP_GROUPS = YES;
				SDKROOT = iphoneos;
				STRING_CATALOG_GENERATE_SYMBOLS = YES;
				SUPPORTED_PLATFORMS = "iphoneos iphonesimulator";
				SUPPORTS_MACCATALYST = NO;
				SWIFT_APPROACHABLE_CONCURRENCY = YES;
				SWIFT_DEFAULT_ACTOR_ISOLATION = MainActor;
				SWIFT_EMIT_LOC_STRINGS = YES;
				SWIFT_UPCOMING_FEATURE_MEMBER_IMPORT_VISIBILITY = YES;
				SWIFT_STRICT_CONCURRENCY = minimal;
				SWIFT_VERSION = 5.0;
				TARGETED_DEVICE_FAMILY = "1,2";
			};
			name = Debug;
		};
		2C58218F2E85A5E300AB9642 /* Release */ = {
			isa = XCBuildConfiguration;
			buildSettings = {
				ASSETCATALOG_COMPILER_APPICON_NAME = AppIcon;
				ASSETCATALOG_COMPILER_GLOBAL_ACCENT_COLOR_NAME = AccentColor;
				CODE_SIGN_ENTITLEMENTS = DSGet/DSGet.entitlements;
				CODE_SIGN_STYLE = Automatic;
				CURRENT_PROJECT_VERSION = 1;
				DEVELOPMENT_TEAM = V6HSSZ7WYZ;
				ENABLE_APP_SANDBOX = YES;
				ENABLE_HARDENED_RUNTIME = YES;
				ENABLE_INCOMING_NETWORK_CONNECTIONS = NO;
				ENABLE_OUTGOING_NETWORK_CONNECTIONS = YES;
				ENABLE_PREVIEWS = YES;
				ENABLE_RESOURCE_ACCESS_AUDIO_INPUT = NO;
				ENABLE_RESOURCE_ACCESS_BLUETOOTH = NO;
				ENABLE_RESOURCE_ACCESS_CALENDARS = NO;
				ENABLE_RESOURCE_ACCESS_CAMERA = NO;
				ENABLE_RESOURCE_ACCESS_CONTACTS = NO;
				ENABLE_RESOURCE_ACCESS_LOCATION = NO;
				ENABLE_RESOURCE_ACCESS_PRINTING = NO;
				ENABLE_RESOURCE_ACCESS_USB = NO;
				ENABLE_USER_SELECTED_FILES = readonly;
				GENERATE_INFOPLIST_FILE = YES;
				INFOPLIST_FILE = DSGet/Info.plist;
				"INFOPLIST_KEY_UIApplicationSceneManifest_Generation[sdk=iphoneos*]" = YES;
				"INFOPLIST_KEY_UIApplicationSceneManifest_Generation[sdk=iphonesimulator*]" = YES;
				"INFOPLIST_KEY_UIApplicationSupportsIndirectInputEvents[sdk=iphoneos*]" = YES;
				"INFOPLIST_KEY_UIApplicationSupportsIndirectInputEvents[sdk=iphonesimulator*]" = YES;
				"INFOPLIST_KEY_UILaunchScreen_Generation[sdk=iphoneos*]" = YES;
				"INFOPLIST_KEY_UILaunchScreen_Generation[sdk=iphonesimulator*]" = YES;
				"INFOPLIST_KEY_UIStatusBarStyle[sdk=iphoneos*]" = UIStatusBarStyleDefault;
				"INFOPLIST_KEY_UIStatusBarStyle[sdk=iphonesimulator*]" = UIStatusBarStyleDefault;
				INFOPLIST_KEY_UISupportedInterfaceOrientations_iPad = "UIInterfaceOrientationPortrait UIInterfaceOrientationPortraitUpsideDown UIInterfaceOrientationLandscapeLeft UIInterfaceOrientationLandscapeRight";
				INFOPLIST_KEY_UISupportedInterfaceOrientations_iPhone = "UIInterfaceOrientationPortrait UIInterfaceOrientationLandscapeLeft UIInterfaceOrientationLandscapeRight";
				IPHONEOS_DEPLOYMENT_TARGET = 18.0;
				LD_RUNPATH_SEARCH_PATHS = "@executable_path/Frameworks";
				MARKETING_VERSION = 1.0;
				PRODUCT_BUNDLE_IDENTIFIER = com.ivanmz.DSGet;
				PRODUCT_NAME = "$(TARGET_NAME)";
				REGISTER_APP_GROUPS = YES;
				SDKROOT = iphoneos;
				STRING_CATALOG_GENERATE_SYMBOLS = YES;
				SUPPORTED_PLATFORMS = "iphoneos iphonesimulator";
				SUPPORTS_MACCATALYST = NO;
				SWIFT_APPROACHABLE_CONCURRENCY = YES;
				SWIFT_DEFAULT_ACTOR_ISOLATION = MainActor;
				SWIFT_EMIT_LOC_STRINGS = YES;
				SWIFT_UPCOMING_FEATURE_MEMBER_IMPORT_VISIBILITY = YES;
				SWIFT_STRICT_CONCURRENCY = minimal;
				SWIFT_VERSION = 5.0;
				TARGETED_DEVICE_FAMILY = "1,2";
			};
			name = Release;
		};
		4CD55C64278CD6FF4CFC7C9B /* Debug */ = {
			isa = XCBuildConfiguration;
			buildSettings = {
				ALWAYS_EMBED_SWIFT_STANDARD_LIBRARIES = YES;
				BUNDLE_LOADER = "$(TEST_HOST)";
				CLANG_ENABLE_OBJC_WEAK = NO;
				CODE_SIGN_STYLE = Automatic;
				DEVELOPMENT_TEAM = V6HSSZ7WYZ;
				GENERATE_INFOPLIST_FILE = NO;
				INFOPLIST_FILE = DSGetTests/Info.plist;
				IPHONEOS_DEPLOYMENT_TARGET = 26.0;
				PRODUCT_BUNDLE_IDENTIFIER = com.ivanmz.DSGetTests;
				PRODUCT_NAME = "$(TARGET_NAME)";
				SDKROOT = iphoneos;
				SWIFT_STRICT_CONCURRENCY = minimal;
				SWIFT_VERSION = 5.0;
				TARGETED_DEVICE_FAMILY = "1,2";
				TEST_HOST = "$(BUILT_PRODUCTS_DIR)/DSGet.app/$(BUNDLE_EXECUTABLE_FOLDER_PATH)/DSGet";
			};
			name = Debug;
		};
		6BA3DDFE2F4FA4206F06D21C /* Debug */ = {
			isa = XCBuildConfiguration;
			buildSettings = {
				ALWAYS_EMBED_SWIFT_STANDARD_LIBRARIES = YES;
				CLANG_ENABLE_OBJC_WEAK = NO;
				CODE_SIGN_STYLE = Automatic;
				DEVELOPMENT_TEAM = V6HSSZ7WYZ;
				GENERATE_INFOPLIST_FILE = NO;
				INFOPLIST_FILE = DSGetUITests/Info.plist;
				IPHONEOS_DEPLOYMENT_TARGET = 26.0;
				PRODUCT_BUNDLE_IDENTIFIER = com.ivanmz.DSGetUITests;
				PRODUCT_NAME = "$(TARGET_NAME)";
				SDKROOT = iphoneos;
				SWIFT_STRICT_CONCURRENCY = minimal;
				SWIFT_VERSION = 5.0;
				TARGETED_DEVICE_FAMILY = "1,2";
				TEST_TARGET_NAME = DSGet;
			};
			name = Debug;
		};
		903C3B96D4A81ED300CF2476 /* Release */ = {
			isa = XCBuildConfiguration;
			buildSettings = {
				ALWAYS_EMBED_SWIFT_STANDARD_LIBRARIES = YES;
				BUNDLE_LOADER = "$(TEST_HOST)";
				CLANG_ENABLE_OBJC_WEAK = NO;
				CODE_SIGN_STYLE = Automatic;
				DEVELOPMENT_TEAM = V6HSSZ7WYZ;
				GENERATE_INFOPLIST_FILE = NO;
				INFOPLIST_FILE = DSGetTests/Info.plist;
				IPHONEOS_DEPLOYMENT_TARGET = 26.0;
				PRODUCT_BUNDLE_IDENTIFIER = com.ivanmz.DSGetTests;
				PRODUCT_NAME = "$(TARGET_NAME)";
				SDKROOT = iphoneos;
				SWIFT_STRICT_CONCURRENCY = minimal;
				SWIFT_VERSION = 5.0;
				TARGETED_DEVICE_FAMILY = "1,2";
				TEST_HOST = "$(BUILT_PRODUCTS_DIR)/DSGet.app/$(BUNDLE_EXECUTABLE_FOLDER_PATH)/DSGet";
				VALIDATE_PRODUCT = YES;
			};
			name = Release;
		};
		B03CB92F5D6974139C7235B9 /* Release */ = {
			isa = XCBuildConfiguration;
			buildSettings = {
				ALWAYS_EMBED_SWIFT_STANDARD_LIBRARIES = YES;
				CLANG_ENABLE_OBJC_WEAK = NO;
				CODE_SIGN_STYLE = Automatic;
				DEVELOPMENT_TEAM = V6HSSZ7WYZ;
				GENERATE_INFOPLIST_FILE = NO;
				INFOPLIST_FILE = DSGetUITests/Info.plist;
				IPHONEOS_DEPLOYMENT_TARGET = 26.0;
				PRODUCT_BUNDLE_IDENTIFIER = com.ivanmz.DSGetUITests;
				PRODUCT_NAME = "$(TARGET_NAME)";
				SDKROOT = iphoneos;
				SWIFT_STRICT_CONCURRENCY = minimal;
				SWIFT_VERSION = 5.0;
				TARGETED_DEVICE_FAMILY = "1,2";
				TEST_TARGET_NAME = DSGet;
				VALIDATE_PRODUCT = YES;
			};
			name = Release;
		};
/* End XCBuildConfiguration section */

/* Begin XCConfigurationList section */
		2C58217D2E85A5E200AB9642 /* Build configuration list for PBXProject "DSGet" */ = {
			isa = XCConfigurationList;
			buildConfigurations = (
				2C58218B2E85A5E300AB9642 /* Debug */,
				2C58218C2E85A5E300AB9642 /* Release */,
			);
			defaultConfigurationIsVisible = 0;
			defaultConfigurationName = Release;
		};
		2C58218D2E85A5E300AB9642 /* Build configuration list for PBXNativeTarget "DSGet" */ = {
			isa = XCConfigurationList;
			buildConfigurations = (
				2C58218E2E85A5E300AB9642 /* Debug */,
				2C58218F2E85A5E300AB9642 /* Release */,
			);
			defaultConfigurationIsVisible = 0;
			defaultConfigurationName = Release;
		};
		706F37BF602FF8B92BAF38C6 /* Build configuration list for PBXNativeTarget "DSGetTests" */ = {
			isa = XCConfigurationList;
			buildConfigurations = (
				903C3B96D4A81ED300CF2476 /* Release */,
				4CD55C64278CD6FF4CFC7C9B /* Debug */,
			);
			defaultConfigurationIsVisible = 0;
			defaultConfigurationName = Release;
		};
		85109C9EAC64A950079CA725 /* Build configuration list for PBXNativeTarget "DSGetUITests" */ = {
			isa = XCConfigurationList;
			buildConfigurations = (
				B03CB92F5D6974139C7235B9 /* Release */,
				6BA3DDFE2F4FA4206F06D21C /* Debug */,
			);
			defaultConfigurationIsVisible = 0;
			defaultConfigurationName = Release;
		};
/* End XCConfigurationList section */

/* Begin XCRemoteSwiftPackageReference section */
		2C7327642F18273D0085C219 /* XCRemoteSwiftPackageReference "Factory" */ = {
			isa = XCRemoteSwiftPackageReference;
			repositoryURL = "https://github.com/hmlongco/Factory";
			requirement = {
				kind = upToNextMajorVersion;
				minimumVersion = 2.5.3;
			};
		};
/* End XCRemoteSwiftPackageReference section */

/* Begin XCSwiftPackageProductDependency section */
		2C7327652F18273D0085C219 /* FactoryKit */ = {
			isa = XCSwiftPackageProductDependency;
			package = 2C7327642F18273D0085C219 /* XCRemoteSwiftPackageReference "Factory" */;
			productName = FactoryKit;
		};
/* End XCSwiftPackageProductDependency section */
	};
	rootObject = 2C58217A2E85A5E200AB9642 /* Project object */;
}
